
Microsoft Visual Studio Solution File, Format Version 12.00
# Visual Studio Version 16
VisualStudioVersion = 16.0.29613.14
MinimumVisualStudioVersion = 10.0.40219.1
Project("{9A19103F-16F7-4668-BE54-9A1E7A4F7556}") = "SampSharp.Streamer", "src\SampSharp.Streamer\SampSharp.Streamer.csproj", "{0B2AFC37-E324-401B-B270-F5C8C1A04096}"
EndProject
Project("{9A19103F-16F7-4668-BE54-9A1E7A4F7556}") = "TestMode", "src\TestMode\TestMode.csproj", "{054845C7-1998-47F2-A79B-51B24B86EC19}"
EndProject
Project("{2150E333-8FDC-42A3-9474-1A3956D46DE8}") = "build", "build", "{7E3E537C-FCA3-4DCB-A0A8-80F753487767}"
	ProjectSection(SolutionItems) = preProject
		appveyor.yml = appveyor.yml
		build.bat = build.bat
		build.cake = build.cake
		build.ps1 = build.ps1
		build.sh = build.sh
		CHANGES.md = CHANGES.md
	EndProjectSection
EndProject
Project("{FAE04EC0-301F-11D3-BF4B-00C04F79EFBC}") = "SampSharp.Streamer.Entities", "src\SampSharp.Streamer.Entities\SampSharp.Streamer.Entities.csproj", "{101CB4F0-1444-45BC-940A-612D9C9F5322}"
EndProject
Project("{FAE04EC0-301F-11D3-BF4B-00C04F79EFBC}") = "TestMode.Entities", "src\TestMode.Entities\TestMode.Entities.csproj", "{109388DF-1825-43B3-960C-86A55A0C220B}"
EndProject
Global
	GlobalSection(SolutionConfigurationPlatforms) = preSolution
		Debug|Any CPU = Debug|Any CPU
		Release|Any CPU = Release|Any CPU
	EndGlobalSection
	GlobalSection(ProjectConfigurationPlatforms) = postSolution
		{0B2AFC37-E324-401B-B270-F5C8C1A04096}.Debug|Any CPU.ActiveCfg = Debug|Any CPU
		{0B2AFC37-E324-401B-B270-F5C8C1A04096}.Debug|Any CPU.Build.0 = Debug|Any CPU
		{0B2AFC37-E324-401B-B270-F5C8C1A04096}.Release|Any CPU.ActiveCfg = Release|Any CPU
		{0B2AFC37-E324-401B-B270-F5C8C1A04096}.Release|Any CPU.Build.0 = Release|Any CPU
		{054845C7-1998-47F2-A79B-51B24B86EC19}.Debug|Any CPU.ActiveCfg = Debug|Any CPU
		{054845C7-1998-47F2-A79B-51B24B86EC19}.Debug|Any CPU.Build.0 = Debug|Any CPU
		{054845C7-1998-47F2-A79B-51B24B86EC19}.Release|Any CPU.ActiveCfg = Release|Any CPU
		{054845C7-1998-47F2-A79B-51B24B86EC19}.Release|Any CPU.Build.0 = Release|Any CPU
		{101CB4F0-1444-45BC-940A-612D9C9F5322}.Debug|Any CPU.ActiveCfg = Debug|Any CPU
		{101CB4F0-1444-45BC-940A-612D9C9F5322}.Debug|Any CPU.Build.0 = Debug|Any CPU
		{101CB4F0-1444-45BC-940A-612D9C9F5322}.Release|Any CPU.ActiveCfg = Release|Any CPU
		{101CB4F0-1444-45BC-940A-612D9C9F5322}.Release|Any CPU.Build.0 = Release|Any CPU
		{109388DF-1825-43B3-960C-86A55A0C220B}.Debug|Any CPU.ActiveCfg = Debug|Any CPU
		{109388DF-1825-43B3-960C-86A55A0C220B}.Debug|Any CPU.Build.0 = Debug|Any CPU
		{109388DF-1825-43B3-960C-86A55A0C220B}.Release|Any CPU.ActiveCfg = Release|Any CPU
		{109388DF-1825-43B3-960C-86A55A0C220B}.Release|Any CPU.Build.0 = Release|Any CPU
	EndGlobalSection
	GlobalSection(SolutionProperties) = preSolution
		HideSolutionNode = FALSE
	EndGlobalSection
	GlobalSection(ExtensibilityGlobals) = postSolution
		SolutionGuid = {F06F8228-3E12-4D0A-8B5D-BA3B151F2D83}
	EndGlobalSection
EndGlobal
